filippo.io/age v1.1.1 h1:pIpO7l151hCnQ4BdyBujnGP2YlUo0uj6sAVNHGBvXHg=
filippo.io/age v1.1.1/go.mod h1:l03SrzDUrBkdBx8+IILdnn2KZysqQdbEBUQ4p3sqEQE=
github.com/FairBlock/DistributedIBE v0.0.0-20231211202607-d457df6869db h1:wmRvJRPDm8nXZzRjzgPzbhGHhEX5TbXUBiZkAieUNMA=
github.com/FairBlock/DistributedIBE v0.0.0-20231211202607-d457df6869db/go.mod h1:qXpLBzZiSdWoweJkE/lAIPedf6GOl7WsYM8rxrZCCDk=
github.com/drand/kyber v1.2.0 h1:22SbBxsKbgQnJUoyYKIfG909PhBsj0vtANeu4BX5xgE=
github.com/drand/kyber v1.2.0/go.mod h1:6TqFlCc7NGOiNVTF9pF2KcDRfllPd9XOkExuG5Xtwfo=
github.com/drand/kyber-bls12381 v0.2.5 h1:4ugiCmXQsvgAuylSk929rK49WGFxCxT/7ArH2vw6Tlg=
github.com/drand/kyber-bls12381 v0.2.5/go.mod h1:8fm2tmRaAdYRGMTh5tjF7qrGHywC+rmM5hrUFL+9fCI=
github.com/kilic/bls12-381 v0.1.0 h1:encrdjqKMEvabVQ7qYOKu1OvhqpK4s47wDYtNiPtlp4=
github.com/kilic/bls12-381 v0.1.0/go.mod h1:vDTTHJONJ6G+P2R74EhnyotQDTliQDnFEwhdmfzw1ig=
golang.org/x/crypto v0.7.0 h1:AvwMYaRytfdeVt3u6mLaxYtErKYjxA2OXjJ1HHq6t3A=
golang.org/x/crypto v0.7.0/go.mod h1:pYwdfH91IfpZVANVyUOhSIPZaFoJGxTFbZhFTx+dXZU=
golang.org/x/sys v0.0.0-20201101102859-da207088b7d1/go.mod h1:h1NjWce9XRLGQEsW7wpKNCjG9DtNlClVuFLEZdDNbEs=
golang.org/x/sys v0.6.0 h1:MVltZSvRTcU2ljQOhs94SXPftV6DCNnZViHeQps87pQ=
golang.org/x/sys v0.6.0/go.mod h1:oPkhp1MJrh7nUepCBck5+mAzfO9JrbApNNgaTdGDITg=
